
Microsoft Visual Studio Solution File, Format Version 12.00
# Visual Studio Version 17
VisualStudioVersion = 17.14.36401.2
MinimumVisualStudioVersion = 10.0.40219.1
Project("{2150E333-8FDC-42A3-9474-1A3956D46DE8}") = "API", "API", "{02EA681E-C7D8-13C7-8484-4AC65E1B71E8}"
EndProject
Project("{FAE04EC0-301F-11D3-BF4B-00C04F79EFBC}") = "BIMASAKTI_GS_API", "API\BIMASAKTI_GS_API\BIMASAKTI_GS_API.csproj", "{A049183D-AF56-5698-7975-A79E4045CE81}"
EndProject
Project("{FAE04EC0-301F-11D3-BF4B-00C04F79EFBC}") = "BIMASAKTI_HD_API", "API\BIMASAKTI_HD_API\BIMASAKTI_HD_API.csproj", "{FCA7FEC6-8645-44C9-8945-742426759366}"
EndProject
Project("{FAE04EC0-301F-11D3-BF4B-00C04F79EFBC}") = "BIMASAKTI_IC_API", "API\BIMASAKTI_IC_API\BIMASAKTI_IC_API.csproj", "{B31347B2-2662-FD6D-22BD-D6D3DF138AAF}"
EndProject
Project("{2150E333-8FDC-42A3-9474-1A3956D46DE8}") = "Back", "Back", "{1FB49803-52A2-4D0B-A414-D4FEF5C633EA}"
EndProject
Project("{2150E333-8FDC-42A3-9474-1A3956D46DE8}") = "Services", "Services", "{791E4094-1054-49BD-91B6-C208E23865DE}"
EndProject
Project("{2150E333-8FDC-42A3-9474-1A3956D46DE8}") = "Common", "Common", "{6A6DBDD2-7F85-4162-B1F5-A15B3F5B5E58}"
EndProject
Project("{2150E333-8FDC-42A3-9474-1A3956D46DE8}") = "SPR", "SPR", "{0AD85C3B-C50D-46A1-97DD-D4E3B3211FBE}"
EndProject
Project("{2150E333-8FDC-42A3-9474-1A3956D46DE8}") = "BaseHeader", "BaseHeader", "{06819A24-F9D3-417C-8E52-5F81EEAD0A5B}"
EndProject
Project("{FAE04EC0-301F-11D3-BF4B-00C04F79EFBC}") = "BaseHeaderResources", "BaseHeader\BaseHeaderResources\BaseHeaderResources.csproj", "{198C3F48-58E9-9F41-82D4-B00F73BF7270}"
EndProject
Project("{FAE04EC0-301F-11D3-BF4B-00C04F79EFBC}") = "BIMASAKTI_PM_API", "API\BIMASAKTI_PM_API\BIMASAKTI_PM_API.csproj", "{02090B0C-920A-CFCD-BEA5-4960D725C3D1}"
EndProject
Global
	GlobalSection(SolutionConfigurationPlatforms) = preSolution
		Debug|Any CPU = Debug|Any CPU
		Release|Any CPU = Release|Any CPU
	EndGlobalSection
	GlobalSection(ProjectConfigurationPlatforms) = postSolution
		{A049183D-AF56-5698-7975-A79E4045CE81}.Debug|Any CPU.ActiveCfg = Debug|Any CPU
		{A049183D-AF56-5698-7975-A79E4045CE81}.Debug|Any CPU.Build.0 = Debug|Any CPU
		{A049183D-AF56-5698-7975-A79E4045CE81}.Release|Any CPU.ActiveCfg = Release|Any CPU
		{A049183D-AF56-5698-7975-A79E4045CE81}.Release|Any CPU.Build.0 = Release|Any CPU
		{FCA7FEC6-8645-44C9-8945-742426759366}.Debug|Any CPU.ActiveCfg = Debug|Any CPU
		{FCA7FEC6-8645-44C9-8945-742426759366}.Debug|Any CPU.Build.0 = Debug|Any CPU
		{FCA7FEC6-8645-44C9-8945-742426759366}.Release|Any CPU.ActiveCfg = Release|Any CPU
		{FCA7FEC6-8645-44C9-8945-742426759366}.Release|Any CPU.Build.0 = Release|Any CPU
		{B31347B2-2662-FD6D-22BD-D6D3DF138AAF}.Debug|Any CPU.ActiveCfg = Debug|Any CPU
		{B31347B2-2662-FD6D-22BD-D6D3DF138AAF}.Debug|Any CPU.Build.0 = Debug|Any CPU
		{B31347B2-2662-FD6D-22BD-D6D3DF138AAF}.Release|Any CPU.ActiveCfg = Release|Any CPU
		{B31347B2-2662-FD6D-22BD-D6D3DF138AAF}.Release|Any CPU.Build.0 = Release|Any CPU
		{198C3F48-58E9-9F41-82D4-B00F73BF7270}.Debug|Any CPU.ActiveCfg = Debug|Any CPU
		{198C3F48-58E9-9F41-82D4-B00F73BF7270}.Debug|Any CPU.Build.0 = Debug|Any CPU
		{198C3F48-58E9-9F41-82D4-B00F73BF7270}.Release|Any CPU.ActiveCfg = Release|Any CPU
		{198C3F48-58E9-9F41-82D4-B00F73BF7270}.Release|Any CPU.Build.0 = Release|Any CPU
		{02090B0C-920A-CFCD-BEA5-4960D725C3D1}.Debug|Any CPU.ActiveCfg = Debug|Any CPU
		{02090B0C-920A-CFCD-BEA5-4960D725C3D1}.Debug|Any CPU.Build.0 = Debug|Any CPU
		{02090B0C-920A-CFCD-BEA5-4960D725C3D1}.Release|Any CPU.ActiveCfg = Release|Any CPU
		{02090B0C-920A-CFCD-BEA5-4960D725C3D1}.Release|Any CPU.Build.0 = Release|Any CPU
	EndGlobalSection
	GlobalSection(SolutionProperties) = preSolution
		HideSolutionNode = FALSE
	EndGlobalSection
	GlobalSection(NestedProjects) = preSolution
		{A049183D-AF56-5698-7975-A79E4045CE81} = {02EA681E-C7D8-13C7-8484-4AC65E1B71E8}
		{FCA7FEC6-8645-44C9-8945-742426759366} = {02EA681E-C7D8-13C7-8484-4AC65E1B71E8}
		{B31347B2-2662-FD6D-22BD-D6D3DF138AAF} = {02EA681E-C7D8-13C7-8484-4AC65E1B71E8}
		{198C3F48-58E9-9F41-82D4-B00F73BF7270} = {06819A24-F9D3-417C-8E52-5F81EEAD0A5B}
		{02090B0C-920A-CFCD-BEA5-4960D725C3D1} = {02EA681E-C7D8-13C7-8484-4AC65E1B71E8}
	EndGlobalSection
	GlobalSection(ExtensibilityGlobals) = postSolution
		SolutionGuid = {43702E7D-8DCC-463E-866D-D32A2F1DD9DE}
	EndGlobalSection
EndGlobal
